<?xml version="1.0" encoding="utf-8"?>
<Project ToolsVersion="4.0" xmlns="http://schemas.microsoft.com/developer/msbuild/2003">
  <ItemGroup>
    <Filter Include="ソース ファイル">
      <UniqueIdentifier>{4FC737F1-C7A5-4376-A066-2A32D752A2FF}</UniqueIdentifier>
      <Extensions>cpp;c;cc;cxx;c++;cppm;ixx;def;odl;idl;hpj;bat;asm;asmx</Extensions>
    </Filter>
    <Filter Include="ヘッダー ファイル">
      <UniqueIdentifier>{93995380-89BD-4b04-88EB-625FBE52EBFB}</UniqueIdentifier>
      <Extensions>h;hh;hpp;hxx;h++;hm;inl;inc;ipp;xsd</Extensions>
    </Filter>
    <Filter Include="リソース ファイル">
      <UniqueIdentifier>{67DA6AB6-F800-4c08-8B7A-83BB121AAD01}</UniqueIdentifier>
      <Extensions>rc;ico;cur;bmp;dlg;rc2;rct;bin;rgs;gif;jpg;jpeg;jpe;resx;tiff;tif;png;wav;mfcribbon-ms</Extensions>
    </Filter>
    <Filter Include="ヘッダー ファイル\VulkanWrapper">
      <UniqueIdentifier>{8B633634F61A978BDB2B4616CCC27CC8F3972FFF7E0A8278B3A6E4F1F4DEA61E}</UniqueIdentifier>
    </Filter>
    <Filter Include="ソース ファイル\VulkanWrapper">
      <UniqueIdentifier>{75FC5E01BDD95ED1663283594C795A889FE15562E0376D1BACA076311B25BCF0}</UniqueIdentifier>
    </Filter>
    <Filter Include="ヘッダー ファイル\Lib\Container">
      <UniqueIdentifier>{B92582E0CC93363C3AD0690EE55D278F8B4C6927840979C1A76E902C66EACA56}</UniqueIdentifier>
    </Filter>
    <Filter Include="ヘッダー ファイル\Lib\Utility">
      <UniqueIdentifier>{11C3DA022B744062E5126F3136EFF8C1CC9FBF4C5138E54A8CC945313A708DF3}</UniqueIdentifier>
    </Filter>
    <Filter Include="ソース ファイル\Lib\Container">
      <UniqueIdentifier>{2BAC8A673608E1E5BF19AE8130DD2D5CE7D8DA699FBC2B2957B08CB77A8ADD28}</UniqueIdentifier>
    </Filter>
    <Filter Include="ソース ファイル\Lib\Utility">
      <UniqueIdentifier>{373607AAFD0B4F1043CDE52169F59A2E9C5900F2B38588FD0A8D35E6E99E4FCA}</UniqueIdentifier>
    </Filter>
    <Filter Include="ヘッダー ファイル\Lib">
      <UniqueIdentifier>{D83AE9D22650F66232172E0B651DF0FAC8ACE49EED91CD46E18ACF3D74D8019E}</UniqueIdentifier>
    </Filter>
    <Filter Include="ソース ファイル\Lib">
      <UniqueIdentifier>{3F95B1C9F0DB22C40851F20C2A5357993A62FF413830B51A613356ABD4DAA1C8}</UniqueIdentifier>
    </Filter>
    <Filter Include="ヘッダー ファイル\VulkanWrapper\HandleWrapper">
      <UniqueIdentifier>{f37afdd3-d4bc-44ba-b98c-bc9e87d7da21}</UniqueIdentifier>
    </Filter>
    <Filter Include="ソース ファイル\VulkanWrapper\HandleWrapper">
      <UniqueIdentifier>{b02d4c67-d2df-4538-9067-3c5f851e2f10}</UniqueIdentifier>
    </Filter>
    <Filter Include="ソース ファイル\VulkanWrapper\CreateInfo">
      <UniqueIdentifier>{45ac2f56-0998-4003-b89a-d6055b58ac79}</UniqueIdentifier>
    </Filter>
    <Filter Include="ソース ファイル\VulkanWrapper\Helper">
      <UniqueIdentifier>{3427f276-7356-47b7-8782-3ecf07ee3c7a}</UniqueIdentifier>
    </Filter>
    <Filter Include="ヘッダー ファイル\VulkanWrapper\CreateInfo">
      <UniqueIdentifier>{b2212ac0-bde4-4c99-bff0-2f8133c878e8}</UniqueIdentifier>
    </Filter>
    <Filter Include="ヘッダー ファイル\VulkanWrapper\Helper">
      <UniqueIdentifier>{5ed4131e-48a9-4aa9-ba29-0c696fa373b3}</UniqueIdentifier>
    </Filter>
    <Filter Include="ヘッダー ファイル\VulkanWrapper\HandleWrapper\Image">
      <UniqueIdentifier>{6afe6221-8df0-4106-a995-2756f884cbde}</UniqueIdentifier>
    </Filter>
    <Filter Include="ヘッダー ファイル\VulkanWrapper\Others">
      <UniqueIdentifier>{3301b717-b542-423e-b907-da160e77e6a8}</UniqueIdentifier>
    </Filter>
    <Filter Include="ソース ファイル\VulkanWrapper\Others">
      <UniqueIdentifier>{5ea32f8d-7358-4127-b117-ab857b98c09c}</UniqueIdentifier>
    </Filter>
    <Filter Include="ソース ファイル\VulkanWrapper\HandleWrapper\Image">
      <UniqueIdentifier>{69e619fd-350b-4f60-b1d3-8f9d5b002cab}</UniqueIdentifier>
    </Filter>
    <Filter Include="シェーダーファイル">
      <UniqueIdentifier>{99e76c92-3edd-4a29-aeee-c8ede018dcbd}</UniqueIdentifier>
    </Filter>
  </ItemGroup>
  <ItemGroup>
    <ClInclude Include="framework.h">
      <Filter>ヘッダー ファイル</Filter>
    </ClInclude>
    <ClInclude Include="targetver.h">
      <Filter>ヘッダー ファイル</Filter>
    </ClInclude>
    <ClInclude Include="Resource.h">
      <Filter>ヘッダー ファイル</Filter>
    </ClInclude>
    <ClInclude Include="VulkanFrameWork.h">
      <Filter>ヘッダー ファイル</Filter>
    </ClInclude>
    <ClInclude Include="include\VulkanWrapper\Application.h">
      <Filter>ヘッダー ファイル\VulkanWrapper</Filter>
    </ClInclude>
    <ClInclude Include="include\VulkanWrapper\IApplication.h">
      <Filter>ヘッダー ファイル\VulkanWrapper</Filter>
    </ClInclude>
    <ClInclude Include="include\Lib\Container\IVector.h">
      <Filter>ヘッダー ファイル\Lib\Container</Filter>
    </ClInclude>
    <ClInclude Include="include\Lib\Container\StaticString.h">
      <Filter>ヘッダー ファイル\Lib\Container</Filter>
    </ClInclude>
    <ClInclude Include="include\Lib\Container\StaticVector.h">
      <Filter>ヘッダー ファイル\Lib\Container</Filter>
    </ClInclude>
    <ClInclude Include="include\Lib\Container\Vector.h">
      <Filter>ヘッダー ファイル\Lib\Container</Filter>
    </ClInclude>
    <ClInclude Include="include\Lib\Utility\Math.h">
      <Filter>ヘッダー ファイル\Lib\Utility</Filter>
    </ClInclude>
    <ClInclude Include="include\VulkanWrapper\Device.h">
      <Filter>ヘッダー ファイル\VulkanWrapper\HandleWrapper</Filter>
    </ClInclude>
    <ClInclude Include="include\VulkanWrapper\Instance.h">
      <Filter>ヘッダー ファイル\VulkanWrapper\HandleWrapper</Filter>
    </ClInclude>
    <ClInclude Include="include\VulkanWrapper\VulkanHandleBase.h">
      <Filter>ヘッダー ファイル\VulkanWrapper\HandleWrapper</Filter>
    </ClInclude>
    <ClInclude Include="include\VulkanWrapper\DeviceQueueCreateInfo.h">
      <Filter>ヘッダー ファイル\VulkanWrapper\CreateInfo</Filter>
    </ClInclude>
    <ClInclude Include="include\VulkanWrapper\QueueFamilyIndices.h">
      <Filter>ヘッダー ファイル\VulkanWrapper\Helper</Filter>
    </ClInclude>
    <ClInclude Include="include\VulkanWrapper\DebugUtilsMessengerCreateInfo.h">
      <Filter>ヘッダー ファイル\VulkanWrapper\CreateInfo</Filter>
    </ClInclude>
    <ClInclude Include="include\Lib\Utility\Logger.h">
      <Filter>ヘッダー ファイル\Lib\Utility</Filter>
    </ClInclude>
    <ClInclude Include="include\Lib\Container\Array.h">
      <Filter>ヘッダー ファイル\Lib\Container</Filter>
    </ClInclude>
    <ClInclude Include="include\VulkanWrapper\DebugMessengerHandle.h">
      <Filter>ヘッダー ファイル\VulkanWrapper\HandleWrapper</Filter>
    </ClInclude>
    <ClInclude Include="include\VulkanWrapper\ExtFunctionDispatchable.h">
      <Filter>ヘッダー ファイル\VulkanWrapper\HandleWrapper</Filter>
    </ClInclude>
    <ClInclude Include="include\VulkanWrapper\Queue.h">
      <Filter>ヘッダー ファイル\VulkanWrapper\HandleWrapper</Filter>
    </ClInclude>
    <ClInclude Include="include\VulkanWrapper\Surface.h">
      <Filter>ヘッダー ファイル\VulkanWrapper\HandleWrapper</Filter>
    </ClInclude>
    <ClInclude Include="include\Lib\Container\RBTree.h">
      <Filter>ヘッダー ファイル\Lib\Container</Filter>
    </ClInclude>
    <ClInclude Include="include\Lib\Container\Set.h">
      <Filter>ヘッダー ファイル\Lib\Container</Filter>
    </ClInclude>
    <ClInclude Include="include\VulkanWrapper\SwapChain.h">
      <Filter>ヘッダー ファイル\VulkanWrapper\HandleWrapper</Filter>
    </ClInclude>
    <ClInclude Include="include\VulkanWrapper\Image.h">
      <Filter>ヘッダー ファイル\VulkanWrapper\HandleWrapper</Filter>
    </ClInclude>
    <ClInclude Include="include\VulkanWrapper\ImageView.h">
      <Filter>ヘッダー ファイル\VulkanWrapper\HandleWrapper</Filter>
    </ClInclude>
    <ClInclude Include="include\VulkanWrapper\SwapChainImage.h">
      <Filter>ヘッダー ファイル\VulkanWrapper\HandleWrapper\Image</Filter>
    </ClInclude>
    <ClInclude Include="include\VulkanWrapper\SwapChainSupportDetails.h">
      <Filter>ヘッダー ファイル\VulkanWrapper\Helper</Filter>
    </ClInclude>
    <ClInclude Include="include\VulkanWrapper\InstanceLayerSupport.h">
      <Filter>ヘッダー ファイル\VulkanWrapper\Helper</Filter>
    </ClInclude>
    <ClInclude Include="include\VulkanWrapper\InstanceExtensionSupport.h">
      <Filter>ヘッダー ファイル\VulkanWrapper\Helper</Filter>
    </ClInclude>
    <ClInclude Include="include\VulkanWrapper\DeviceExtensionSupport.h">
      <Filter>ヘッダー ファイル\VulkanWrapper\Helper</Filter>
    </ClInclude>
    <ClInclude Include="include\VulkanWrapper\Macro.h">
      <Filter>ヘッダー ファイル\VulkanWrapper\Others</Filter>
    </ClInclude>
    <ClInclude Include="include\VulkanWrapper\Defines.h">
      <Filter>ヘッダー ファイル\VulkanWrapper\Others</Filter>
    </ClInclude>
    <ClInclude Include="include\Lib\Utility\File.h">
      <Filter>ヘッダー ファイル\Lib\Utility</Filter>
    </ClInclude>
    <ClInclude Include="include\Lib\Utility\IFileSystem.h">
      <Filter>ヘッダー ファイル\Lib\Utility</Filter>
    </ClInclude>
    <ClInclude Include="include\VulkanWrapper\ShaderModule.h">
      <Filter>ヘッダー ファイル\VulkanWrapper</Filter>
    </ClInclude>
  </ItemGroup>
  <ItemGroup>
    <ClCompile Include="VulkanFrameWork.cpp">
      <Filter>ソース ファイル</Filter>
    </ClCompile>
    <ClCompile Include="src\VulkanWrapper\Application.cpp">
      <Filter>ソース ファイル\VulkanWrapper</Filter>
    </ClCompile>
    <ClCompile Include="src\Lib\Container\IVector.cpp">
      <Filter>ソース ファイル\Lib\Container</Filter>
    </ClCompile>
    <ClCompile Include="src\Lib\Container\StaticString.cpp">
      <Filter>ソース ファイル\Lib\Container</Filter>
    </ClCompile>
    <ClCompile Include="src\Lib\Container\StaticVector.cpp">
      <Filter>ソース ファイル\Lib\Container</Filter>
    </ClCompile>
    <ClCompile Include="src\Lib\Container\Vector.cpp">
      <Filter>ソース ファイル\Lib\Container</Filter>
    </ClCompile>
    <ClCompile Include="src\Lib\Utility\Math.cpp">
      <Filter>ソース ファイル\Lib\Utility</Filter>
    </ClCompile>
    <ClCompile Include="src\VulkanWrapper\Instance.cpp">
      <Filter>ソース ファイル\VulkanWrapper\HandleWrapper</Filter>
    </ClCompile>
    <ClCompile Include="src\VulkanWrapper\Device.cpp">
      <Filter>ソース ファイル\VulkanWrapper\HandleWrapper</Filter>
    </ClCompile>
    <ClCompile Include="src\VulkanWrapper\DeviceQueueCreateInfo.cpp">
      <Filter>ソース ファイル\VulkanWrapper\CreateInfo</Filter>
    </ClCompile>
    <ClCompile Include="src\VulkanWrapper\QueueFamilyIndices.cpp">
      <Filter>ソース ファイル\VulkanWrapper\Helper</Filter>
    </ClCompile>
    <ClCompile Include="src\Lib\Utility\Logger.cpp">
      <Filter>ソース ファイル\Lib\Utility</Filter>
    </ClCompile>
    <ClCompile Include="src\Lib\Container\Array.cpp">
      <Filter>ソース ファイル\Lib\Container</Filter>
    </ClCompile>
    <ClCompile Include="src\VulkanWrapper\Surface.cpp">
      <Filter>ソース ファイル\VulkanWrapper\HandleWrapper</Filter>
    </ClCompile>
    <ClCompile Include="src\VulkanWrapper\Queue.cpp">
      <Filter>ソース ファイル\VulkanWrapper\HandleWrapper</Filter>
    </ClCompile>
    <ClCompile Include="src\VulkanWrapper\DebugUtilsMessengerCreateInfo.cpp">
      <Filter>ソース ファイル\VulkanWrapper\CreateInfo</Filter>
    </ClCompile>
    <ClCompile Include="src\VulkanWrapper\DebugMessengerHandle.cpp">
      <Filter>ソース ファイル\VulkanWrapper\HandleWrapper</Filter>
    </ClCompile>
    <ClCompile Include="src\VulkanWrapper\ExtFunctionDispatchable.cpp">
      <Filter>ソース ファイル\VulkanWrapper\HandleWrapper</Filter>
    </ClCompile>
    <ClCompile Include="src\Lib\Container\RBTree.cpp">
      <Filter>ソース ファイル\Lib\Container</Filter>
    </ClCompile>
    <ClCompile Include="src\Lib\Container\Set.cpp">
      <Filter>ソース ファイル\Lib\Container</Filter>
    </ClCompile>
    <ClCompile Include="src\VulkanWrapper\Defines.cpp">
      <Filter>ソース ファイル\VulkanWrapper\Others</Filter>
    </ClCompile>
    <ClCompile Include="src\VulkanWrapper\DeviceExtensionSupport.cpp">
      <Filter>ソース ファイル\VulkanWrapper\Helper</Filter>
    </ClCompile>
    <ClCompile Include="src\VulkanWrapper\Image.cpp">
      <Filter>ソース ファイル\VulkanWrapper\HandleWrapper</Filter>
    </ClCompile>
    <ClCompile Include="src\VulkanWrapper\ImageView.cpp">
      <Filter>ソース ファイル\VulkanWrapper\HandleWrapper</Filter>
    </ClCompile>
    <ClCompile Include="src\VulkanWrapper\SwapChainImage.cpp">
      <Filter>ソース ファイル\VulkanWrapper\HandleWrapper\Image</Filter>
    </ClCompile>
    <ClCompile Include="src\VulkanWrapper\SwapChain.cpp">
      <Filter>ソース ファイル\VulkanWrapper\HandleWrapper</Filter>
    </ClCompile>
    <ClCompile Include="src\VulkanWrapper\SwapChainSupportDetails.cpp">
      <Filter>ソース ファイル\VulkanWrapper\Helper</Filter>
    </ClCompile>
    <ClCompile Include="src\VulkanWrapper\InstanceLayerSupport.cpp">
      <Filter>ソース ファイル\VulkanWrapper\Helper</Filter>
    </ClCompile>
    <ClCompile Include="src\VulkanWrapper\InstanceExtensionSupport.cpp">
      <Filter>ソース ファイル\VulkanWrapper\Helper</Filter>
    </ClCompile>
    <ClCompile Include="src\Lib\Utility\File.cpp">
      <Filter>ソース ファイル\Lib\Utility</Filter>
    </ClCompile>
    <ClCompile Include="src\VulkanWrapper\ShaderModule.cpp">
      <Filter>ソース ファイル\VulkanWrapper</Filter>
    </ClCompile>
  </ItemGroup>
  <ItemGroup>
    <ResourceCompile Include="VulkanFrameWork.rc">
      <Filter>リソース ファイル</Filter>
    </ResourceCompile>
  </ItemGroup>
  <ItemGroup>
    <Image Include="small.ico">
      <Filter>リソース ファイル</Filter>
    </Image>
    <Image Include="VulkanFrameWork.ico">
      <Filter>リソース ファイル</Filter>
    </Image>
  </ItemGroup>
</Project>